
Microsoft Visual Studio Solution File, Format Version 12.00
# Visual Studio Version 16
VisualStudioVersion = 16.0.28803.202
MinimumVisualStudioVersion = 10.0.40219.1
Project("{9A19103F-16F7-4668-BE54-9A1E7A4F7556}") = "Customers.API", "Customers.API\Customers.API.csproj", "{7B09BB29-54E9-4A12-9D24-0AB970C84D6D}"
EndProject
Project("{9A19103F-16F7-4668-BE54-9A1E7A4F7556}") = "Customers.Application", "Customers.Application\Customers.Application.csproj", "{2F50B64D-D9BF-4031-9E87-729718BB1AB4}"
EndProject
Project("{9A19103F-16F7-4668-BE54-9A1E7A4F7556}") = "Customers.Domain", "Customers.Domain\Customers.Domain.csproj", "{0E436EDA-B3B5-41AE-986F-1DE889D43847}"
EndProject
Project("{9A19103F-16F7-4668-BE54-9A1E7A4F7556}") = "Customers.Infrastructure", "Customers.Infrastructure\Customers.Infrastructure.csproj", "{538ED6F2-C074-46CE-B293-AA99A515B3F0}"
EndProject
Project("{9A19103F-16F7-4668-BE54-9A1E7A4F7556}") = "Customers.Messages", "Customers.Messages\Customers.Messages.csproj", "{0FA3DFAC-069A-4634-9B10-0F1D4C8361B8}"
EndProject
Project("{9A19103F-16F7-4668-BE54-9A1E7A4F7556}") = "Customers.NSBEndpoint", "Customers.NSB.Endpoint\Customers.NSBEndpoint.csproj", "{D12B24EB-A49A-4F45-84A6-9D29E4B13081}"
EndProject
Global
	GlobalSection(SolutionConfigurationPlatforms) = preSolution
		Debug|Any CPU = Debug|Any CPU
		Release|Any CPU = Release|Any CPU
	EndGlobalSection
	GlobalSection(ProjectConfigurationPlatforms) = postSolution
		{7B09BB29-54E9-4A12-9D24-0AB970C84D6D}.Debug|Any CPU.ActiveCfg = Debug|Any CPU
		{7B09BB29-54E9-4A12-9D24-0AB970C84D6D}.Debug|Any CPU.Build.0 = Debug|Any CPU
		{7B09BB29-54E9-4A12-9D24-0AB970C84D6D}.Release|Any CPU.ActiveCfg = Release|Any CPU
		{7B09BB29-54E9-4A12-9D24-0AB970C84D6D}.Release|Any CPU.Build.0 = Release|Any CPU
		{2F50B64D-D9BF-4031-9E87-729718BB1AB4}.Debug|Any CPU.ActiveCfg = Debug|Any CPU
		{2F50B64D-D9BF-4031-9E87-729718BB1AB4}.Debug|Any CPU.Build.0 = Debug|Any CPU
		{2F50B64D-D9BF-4031-9E87-729718BB1AB4}.Release|Any CPU.ActiveCfg = Release|Any CPU
		{2F50B64D-D9BF-4031-9E87-729718BB1AB4}.Release|Any CPU.Build.0 = Release|Any CPU
		{0E436EDA-B3B5-41AE-986F-1DE889D43847}.Debug|Any CPU.ActiveCfg = Debug|Any CPU
		{0E436EDA-B3B5-41AE-986F-1DE889D43847}.Debug|Any CPU.Build.0 = Debug|Any CPU
		{0E436EDA-B3B5-41AE-986F-1DE889D43847}.Release|Any CPU.ActiveCfg = Release|Any CPU
		{0E436EDA-B3B5-41AE-986F-1DE889D43847}.Release|Any CPU.Build.0 = Release|Any CPU
		{538ED6F2-C074-46CE-B293-AA99A515B3F0}.Debug|Any CPU.ActiveCfg = Debug|Any CPU
		{538ED6F2-C074-46CE-B293-AA99A515B3F0}.Debug|Any CPU.Build.0 = Debug|Any CPU
		{538ED6F2-C074-46CE-B293-AA99A515B3F0}.Release|Any CPU.ActiveCfg = Release|Any CPU
		{538ED6F2-C074-46CE-B293-AA99A515B3F0}.Release|Any CPU.Build.0 = Release|Any CPU
		{0FA3DFAC-069A-4634-9B10-0F1D4C8361B8}.Debug|Any CPU.ActiveCfg = Debug|Any CPU
		{0FA3DFAC-069A-4634-9B10-0F1D4C8361B8}.Debug|Any CPU.Build.0 = Debug|Any CPU
		{0FA3DFAC-069A-4634-9B10-0F1D4C8361B8}.Release|Any CPU.ActiveCfg = Release|Any CPU
		{0FA3DFAC-069A-4634-9B10-0F1D4C8361B8}.Release|Any CPU.Build.0 = Release|Any CPU
		{D12B24EB-A49A-4F45-84A6-9D29E4B13081}.Debug|Any CPU.ActiveCfg = Debug|Any CPU
		{D12B24EB-A49A-4F45-84A6-9D29E4B13081}.Debug|Any CPU.Build.0 = Debug|Any CPU
		{D12B24EB-A49A-4F45-84A6-9D29E4B13081}.Release|Any CPU.ActiveCfg = Release|Any CPU
		{D12B24EB-A49A-4F45-84A6-9D29E4B13081}.Release|Any CPU.Build.0 = Release|Any CPU
	EndGlobalSection
	GlobalSection(SolutionProperties) = preSolution
		HideSolutionNode = FALSE
	EndGlobalSection
	GlobalSection(ExtensibilityGlobals) = postSolution
		SolutionGuid = {DF30EBC3-01C6-416F-9B5D-D81950FC932F}
	EndGlobalSection
EndGlobal
